// !$*UTF8*$!
{
	archiveVersion = 1;
	classes = {
	};
	objectVersion = 56;
	objects = {

/* Begin PBXBuildFile section */
		767286212BA1A0DC00320619 /* AppDelegate.swift in Sources */ = {isa = PBXBuildFile; fileRef = 767286202BA1A0DC00320619 /* AppDelegate.swift */; };
		7672862A2BA1A0DD00320619 /* Assets.xcassets in Resources */ = {isa = PBXBuildFile; fileRef = 767286292BA1A0DD00320619 /* Assets.xcassets */; };
		7672862D2BA1A0DD00320619 /* Base in Resources */ = {isa = PBXBuildFile; fileRef = 7672862C2BA1A0DD00320619 /* Base */; };
		7672863C2BA1A5F900320619 /* VerticalListPresenterProtocol.swift in Sources */ = {isa = PBXBuildFile; fileRef = 7672863B2BA1A5F900320619 /* VerticalListPresenterProtocol.swift */; };
		7672863E2BA1A60300320619 /* VerticalListPresenter.swift in Sources */ = {isa = PBXBuildFile; fileRef = 7672863D2BA1A60300320619 /* VerticalListPresenter.swift */; };
		767286402BA1A62000320619 /* VerticalListViewController.swift in Sources */ = {isa = PBXBuildFile; fileRef = 7672863F2BA1A62000320619 /* VerticalListViewController.swift */; };
		767286422BA1A62D00320619 /* VerticalListInput.swift in Sources */ = {isa = PBXBuildFile; fileRef = 767286412BA1A62D00320619 /* VerticalListInput.swift */; };
		767286442BA1A7DC00320619 /* VerticalListAssembly.swift in Sources */ = {isa = PBXBuildFile; fileRef = 767286432BA1A7DC00320619 /* VerticalListAssembly.swift */; };
		767286462BA1A9A300320619 /* VerticalListTableViewManager.swift in Sources */ = {isa = PBXBuildFile; fileRef = 767286452BA1A9A300320619 /* VerticalListTableViewManager.swift */; };
		767286482BA1A9C600320619 /* VerticalListTableViewProtocol.swift in Sources */ = {isa = PBXBuildFile; fileRef = 767286472BA1A9C600320619 /* VerticalListTableViewProtocol.swift */; };
		7672864B2BA1AB5E00320619 /* VerticalTableViewCell.swift in Sources */ = {isa = PBXBuildFile; fileRef = 7672864A2BA1AB5E00320619 /* VerticalTableViewCell.swift */; };
/* End PBXBuildFile section */

/* Begin PBXFileReference section */
		7672861D2BA1A0DC00320619 /* TestOMG.app */ = {isa = PBXFileReference; explicitFileType = wrapper.application; includeInIndex = 0; path = TestOMG.app; sourceTree = BUILT_PRODUCTS_DIR; };
		767286202BA1A0DC00320619 /* AppDelegate.swift */ = {isa = PBXFileReference; lastKnownFileType = sourcecode.swift; path = AppDelegate.swift; sourceTree = "<group>"; };
		767286292BA1A0DD00320619 /* Assets.xcassets */ = {isa = PBXFileReference; lastKnownFileType = folder.assetcatalog; path = Assets.xcassets; sourceTree = "<group>"; };
		7672862C2BA1A0DD00320619 /* Base */ = {isa = PBXFileReference; lastKnownFileType = file.storyboard; name = Base; path = Base.lproj/LaunchScreen.storyboard; sourceTree = "<group>"; };
		7672862E2BA1A0DD00320619 /* Info.plist */ = {isa = PBXFileReference; lastKnownFileType = text.plist.xml; path = Info.plist; sourceTree = "<group>"; };
		7672863B2BA1A5F900320619 /* VerticalListPresenterProtocol.swift */ = {isa = PBXFileReference; lastKnownFileType = sourcecode.swift; path = VerticalListPresenterProtocol.swift; sourceTree = "<group>"; };
		7672863D2BA1A60300320619 /* VerticalListPresenter.swift */ = {isa = PBXFileReference; lastKnownFileType = sourcecode.swift; path = VerticalListPresenter.swift; sourceTree = "<group>"; };
		7672863F2BA1A62000320619 /* VerticalListViewController.swift */ = {isa = PBXFileReference; lastKnownFileType = sourcecode.swift; path = VerticalListViewController.swift; sourceTree = "<group>"; };
		767286412BA1A62D00320619 /* VerticalListInput.swift */ = {isa = PBXFileReference; lastKnownFileType = sourcecode.swift; path = VerticalListInput.swift; sourceTree = "<group>"; };
		767286432BA1A7DC00320619 /* VerticalListAssembly.swift */ = {isa = PBXFileReference; lastKnownFileType = sourcecode.swift; path = VerticalListAssembly.swift; sourceTree = "<group>"; };
		767286452BA1A9A300320619 /* VerticalListTableViewManager.swift */ = {isa = PBXFileReference; lastKnownFileType = sourcecode.swift; path = VerticalListTableViewManager.swift; sourceTree = "<group>"; };
		767286472BA1A9C600320619 /* VerticalListTableViewProtocol.swift */ = {isa = PBXFileReference; lastKnownFileType = sourcecode.swift; path = VerticalListTableViewProtocol.swift; sourceTree = "<group>"; };
		7672864A2BA1AB5E00320619 /* VerticalTableViewCell.swift */ = {isa = PBXFileReference; lastKnownFileType = sourcecode.swift; path = VerticalTableViewCell.swift; sourceTree = "<group>"; };
/* End PBXFileReference section */

/* Begin PBXFrameworksBuildPhase section */
		7672861A2BA1A0DC00320619 /* Frameworks */ = {
			isa = PBXFrameworksBuildPhase;
			buildActionMask = 2147483647;
			files = (
			);
			runOnlyForDeploymentPostprocessing = 0;
		};
/* End PBXFrameworksBuildPhase section */

/* Begin PBXGroup section */
		767286142BA1A0DC00320619 = {
			isa = PBXGroup;
			children = (
				7672861F2BA1A0DC00320619 /* TestOMG */,
				7672861E2BA1A0DC00320619 /* Products */,
			);
			sourceTree = "<group>";
		};
		7672861E2BA1A0DC00320619 /* Products */ = {
			isa = PBXGroup;
			children = (
				7672861D2BA1A0DC00320619 /* TestOMG.app */,
			);
			name = Products;
			sourceTree = "<group>";
		};
		7672861F2BA1A0DC00320619 /* TestOMG */ = {
			isa = PBXGroup;
			children = (
				767286342BA1A1C900320619 /* App */,
				767286362BA1A1F100320619 /* Sources */,
				767286352BA1A1D300320619 /* Resources */,
				7672862E2BA1A0DD00320619 /* Info.plist */,
			);
			path = TestOMG;
			sourceTree = "<group>";
		};
		767286342BA1A1C900320619 /* App */ = {
			isa = PBXGroup;
			children = (
				767286202BA1A0DC00320619 /* AppDelegate.swift */,
			);
			path = App;
			sourceTree = "<group>";
		};
		767286352BA1A1D300320619 /* Resources */ = {
			isa = PBXGroup;
			children = (
				7672862B2BA1A0DD00320619 /* LaunchScreen.storyboard */,
				767286292BA1A0DD00320619 /* Assets.xcassets */,
			);
			path = Resources;
			sourceTree = "<group>";
		};
		767286362BA1A1F100320619 /* Sources */ = {
			isa = PBXGroup;
			children = (
				7672863A2BA1A57D00320619 /* Assembly */,
				767286392BA1A56F00320619 /* Manager */,
				767286382BA1A56400320619 /* View */,
				767286372BA1A54C00320619 /* Presenter */,
			);
			path = Sources;
			sourceTree = "<group>";
		};
		767286372BA1A54C00320619 /* Presenter */ = {
			isa = PBXGroup;
			children = (
				7672863B2BA1A5F900320619 /* VerticalListPresenterProtocol.swift */,
				7672863D2BA1A60300320619 /* VerticalListPresenter.swift */,
			);
			path = Presenter;
			sourceTree = "<group>";
		};
		767286382BA1A56400320619 /* View */ = {
			isa = PBXGroup;
			children = (
				767286492BA1AB2D00320619 /* Cells */,
				7672863F2BA1A62000320619 /* VerticalListViewController.swift */,
				767286412BA1A62D00320619 /* VerticalListInput.swift */,
			);
			path = View;
			sourceTree = "<group>";
		};
		767286392BA1A56F00320619 /* Manager */ = {
			isa = PBXGroup;
			children = (
				767286452BA1A9A300320619 /* VerticalListTableViewManager.swift */,
				767286472BA1A9C600320619 /* VerticalListTableViewProtocol.swift */,
			);
			path = Manager;
			sourceTree = "<group>";
		};
		7672863A2BA1A57D00320619 /* Assembly */ = {
			isa = PBXGroup;
			children = (
				767286432BA1A7DC00320619 /* VerticalListAssembly.swift */,
			);
			path = Assembly;
			sourceTree = "<group>";
		};
		767286492BA1AB2D00320619 /* Cells */ = {
			isa = PBXGroup;
			children = (
				7672864A2BA1AB5E00320619 /* VerticalTableViewCell.swift */,
			);
			path = Cells;
			sourceTree = "<group>";
		};
/* End PBXGroup section */

/* Begin PBXNativeTarget section */
		7672861C2BA1A0DC00320619 /* TestOMG */ = {
			isa = PBXNativeTarget;
			buildConfigurationList = 767286312BA1A0DD00320619 /* Build configuration list for PBXNativeTarget "TestOMG" */;
			buildPhases = (
				767286192BA1A0DC00320619 /* Sources */,
				7672861A2BA1A0DC00320619 /* Frameworks */,
				7672861B2BA1A0DC00320619 /* Resources */,
			);
			buildRules = (
			);
			dependencies = (
			);
			name = TestOMG;
			productName = TestOMG;
			productReference = 7672861D2BA1A0DC00320619 /* TestOMG.app */;
			productType = "com.apple.product-type.application";
		};
/* End PBXNativeTarget section */

/* Begin PBXProject section */
		767286152BA1A0DC00320619 /* Project object */ = {
			isa = PBXProject;
			attributes = {
				BuildIndependentTargetsInParallel = 1;
				LastSwiftUpdateCheck = 1530;
				LastUpgradeCheck = 1530;
				TargetAttributes = {
					7672861C2BA1A0DC00320619 = {
						CreatedOnToolsVersion = 15.3;
					};
				};
			};
			buildConfigurationList = 767286182BA1A0DC00320619 /* Build configuration list for PBXProject "TestOMG" */;
			compatibilityVersion = "Xcode 14.0";
			developmentRegion = en;
			hasScannedForEncodings = 0;
			knownRegions = (
				en,
				Base,
			);
			mainGroup = 767286142BA1A0DC00320619;
			productRefGroup = 7672861E2BA1A0DC00320619 /* Products */;
			projectDirPath = "";
			projectRoot = "";
			targets = (
				7672861C2BA1A0DC00320619 /* TestOMG */,
			);
		};
/* End PBXProject section */

/* Begin PBXResourcesBuildPhase section */
		7672861B2BA1A0DC00320619 /* Resources */ = {
			isa = PBXResourcesBuildPhase;
			buildActionMask = 2147483647;
			files = (
				7672862A2BA1A0DD00320619 /* Assets.xcassets in Resources */,
				7672862D2BA1A0DD00320619 /* Base in Resources */,
			);
			runOnlyForDeploymentPostprocessing = 0;
		};
/* End PBXResourcesBuildPhase section */

/* Begin PBXSourcesBuildPhase section */
		767286192BA1A0DC00320619 /* Sources */ = {
			isa = PBXSourcesBuildPhase;
			buildActionMask = 2147483647;
			files = (
				767286422BA1A62D00320619 /* VerticalListInput.swift in Sources */,
				767286482BA1A9C600320619 /* VerticalListTableViewProtocol.swift in Sources */,
				7672864B2BA1AB5E00320619 /* VerticalTableViewCell.swift in Sources */,
				767286462BA1A9A300320619 /* VerticalListTableViewManager.swift in Sources */,
				767286442BA1A7DC00320619 /* VerticalListAssembly.swift in Sources */,
				767286402BA1A62000320619 /* VerticalListViewController.swift in Sources */,
				7672863C2BA1A5F900320619 /* VerticalListPresenterProtocol.swift in Sources */,
				767286212BA1A0DC00320619 /* AppDelegate.swift in Sources */,
				7672863E2BA1A60300320619 /* VerticalListPresenter.swift in Sources */,
			);
			runOnlyForDeploymentPostprocessing = 0;
		};
/* End PBXSourcesBuildPhase section */

/* Begin PBXVariantGroup section */
		7672862B2BA1A0DD00320619 /* LaunchScreen.storyboard */ = {
			isa = PBXVariantGroup;
			children = (
				7672862C2BA1A0DD00320619 /* Base */,
			);
			name = LaunchScreen.storyboard;
			sourceTree = "<group>";
		};
/* End PBXVariantGroup section */

/* Begin XCBuildConfiguration section */
		7672862F2BA1A0DD00320619 /* Debug */ = {
			isa = XCBuildConfiguration;
			buildSettings = {
				ALWAYS_SEARCH_USER_PATHS = NO;
				ASSETCATALOG_COMPILER_GENERATE_SWIFT_ASSET_SYMBOL_EXTENSIONS = YES;
				CLANG_ANALYZER_NONNULL = YES;
				CLANG_ANALYZER_NUMBER_OBJECT_CONVERSION = YES_AGGRESSIVE;
				CLANG_CXX_LANGUAGE_STANDARD = "gnu++20";
				CLANG_ENABLE_MODULES = YES;
				CLANG_ENABLE_OBJC_ARC = YES;
				CLANG_ENABLE_OBJC_WEAK = YES;
				CLANG_WARN_BLOCK_CAPTURE_AUTORELEASING = YES;
				CLANG_WARN_BOOL_CONVERSION = YES;
				CLANG_WARN_COMMA = YES;
				CLANG_WARN_CONSTANT_CONVERSION = YES;
				CLANG_WARN_DEPRECATED_OBJC_IMPLEMENTATIONS = YES;
				CLANG_WARN_DIRECT_OBJC_ISA_USAGE = YES_ERROR;
				CLANG_WARN_DOCUMENTATION_COMMENTS = YES;
				CLANG_WARN_EMPTY_BODY = YES;
				CLANG_WARN_ENUM_CONVERSION = YES;
				CLANG_WARN_INFINITE_RECURSION = YES;
				CLANG_WARN_INT_CONVERSION = YES;
				CLANG_WARN_NON_LITERAL_NULL_CONVERSION = YES;
				CLANG_WARN_OBJC_IMPLICIT_RETAIN_SELF = YES;
				CLANG_WARN_OBJC_LITERAL_CONVERSION = YES;
				CLANG_WARN_OBJC_ROOT_CLASS = YES_ERROR;
				CLANG_WARN_QUOTED_INCLUDE_IN_FRAMEWORK_HEADER = YES;
				CLANG_WARN_RANGE_LOOP_ANALYSIS = YES;
				CLANG_WARN_STRICT_PROTOTYPES = YES;
				CLANG_WARN_SUSPICIOUS_MOVE = YES;
				CLANG_WARN_UNGUARDED_AVAILABILITY = YES_AGGRESSIVE;
				CLANG_WARN_UNREACHABLE_CODE = YES;
				CLANG_WARN__DUPLICATE_METHOD_MATCH = YES;
				COPY_PHASE_STRIP = NO;
				DEBUG_INFORMATION_FORMAT = dwarf;
				ENABLE_STRICT_OBJC_MSGSEND = YES;
				ENABLE_TESTABILITY = YES;
				ENABLE_USER_SCRIPT_SANDBOXING = YES;
				GCC_C_LANGUAGE_STANDARD = gnu17;
				GCC_DYNAMIC_NO_PIC = NO;
				GCC_NO_COMMON_BLOCKS = YES;
				GCC_OPTIMIZATION_LEVEL = 0;
				GCC_PREPROCESSOR_DEFINITIONS = (
					"DEBUG=1",
					"$(inherited)",
				);
				GCC_WARN_64_TO_32_BIT_CONVERSION = YES;
				GCC_WARN_ABOUT_RETURN_TYPE = YES_ERROR;
				GCC_WARN_UNDECLARED_SELECTOR = YES;
				GCC_WARN_UNINITIALIZED_AUTOS = YES_AGGRESSIVE;
				GCC_WARN_UNUSED_FUNCTION = YES;
				GCC_WARN_UNUSED_VARIABLE = YES;
				IPHONEOS_DEPLOYMENT_TARGET = 17.4;
				LOCALIZATION_PREFERS_STRING_CATALOGS = YES;
				MTL_ENABLE_DEBUG_INFO = INCLUDE_SOURCE;
				MTL_FAST_MATH = YES;
				ONLY_ACTIVE_ARCH = YES;
				SDKROOT = iphoneos;
				SWIFT_ACTIVE_COMPILATION_CONDITIONS = "DEBUG $(inherited)";
				SWIFT_OPTIMIZATION_LEVEL = "-Onone";
			};
			name = Debug;
		};
		767286302BA1A0DD00320619 /* Release */ = {
			isa = XCBuildConfiguration;
			buildSettings = {
				ALWAYS_SEARCH_USER_PATHS = NO;
				ASSETCATALOG_COMPILER_GENERATE_SWIFT_ASSET_SYMBOL_EXTENSIONS = YES;
				CLANG_ANALYZER_NONNULL = YES;
				CLANG_ANALYZER_NUMBER_OBJECT_CONVERSION = YES_AGGRESSIVE;
				CLANG_CXX_LANGUAGE_STANDARD = "gnu++20";
				CLANG_ENABLE_MODULES = YES;
				CLANG_ENABLE_OBJC_ARC = YES;
				CLANG_ENABLE_OBJC_WEAK = YES;
				CLANG_WARN_BLOCK_CAPTURE_AUTORELEASING = YES;
				CLANG_WARN_BOOL_CONVERSION = YES;
				CLANG_WARN_COMMA = YES;
				CLANG_WARN_CONSTANT_CONVERSION = YES;
				CLANG_WARN_DEPRECATED_OBJC_IMPLEMENTATIONS = YES;
				CLANG_WARN_DIRECT_OBJC_ISA_USAGE = YES_ERROR;
				CLANG_WARN_DOCUMENTATION_COMMENTS = YES;
				CLANG_WARN_EMPTY_BODY = YES;
				CLANG_WARN_ENUM_CONVERSION = YES;
				CLANG_WARN_INFINITE_RECURSION = YES;
				CLANG_WARN_INT_CONVERSION = YES;
				CLANG_WARN_NON_LITERAL_NULL_CONVERSION = YES;
				CLANG_WARN_OBJC_IMPLICIT_RETAIN_SELF = YES;
				CLANG_WARN_OBJC_LITERAL_CONVERSION = YES;
				CLANG_WARN_OBJC_ROOT_CLASS = YES_ERROR;
				CLANG_WARN_QUOTED_INCLUDE_IN_FRAMEWORK_HEADER = YES;
				CLANG_WARN_RANGE_LOOP_ANALYSIS = YES;
				CLANG_WARN_STRICT_PROTOTYPES = YES;
				CLANG_WARN_SUSPICIOUS_MOVE = YES;
				CLANG_WARN_UNGUARDED_AVAILABILITY = YES_AGGRESSIVE;
				CLANG_WARN_UNREACHABLE_CODE = YES;
				CLANG_WARN__DUPLICATE_METHOD_MATCH = YES;
				COPY_PHASE_STRIP = NO;
				DEBUG_INFORMATION_FORMAT = "dwarf-with-dsym";
				ENABLE_NS_ASSERTIONS = NO;
				ENABLE_STRICT_OBJC_MSGSEND = YES;
				ENABLE_USER_SCRIPT_SANDBOXING = YES;
				GCC_C_LANGUAGE_STANDARD = gnu17;
				GCC_NO_COMMON_BLOCKS = YES;
				GCC_WARN_64_TO_32_BIT_CONVERSION = YES;
				GCC_WARN_ABOUT_RETURN_TYPE = YES_ERROR;
				GCC_WARN_UNDECLARED_SELECTOR = YES;
				GCC_WARN_UNINITIALIZED_AUTOS = YES_AGGRESSIVE;
				GCC_WARN_UNUSED_FUNCTION = YES;
				GCC_WARN_UNUSED_VARIABLE = YES;
				IPHONEOS_DEPLOYMENT_TARGET = 17.4;
				LOCALIZATION_PREFERS_STRING_CATALOGS = YES;
				MTL_ENABLE_DEBUG_INFO = NO;
				MTL_FAST_MATH = YES;
				SDKROOT = iphoneos;
				SWIFT_COMPILATION_MODE = wholemodule;
				VALIDATE_PRODUCT = YES;
			};
			name = Release;
		};
		767286322BA1A0DD00320619 /* Debug */ = {
			isa = XCBuildConfiguration;
			buildSettings = {
				ASSETCATALOG_COMPILER_APPICON_NAME = AppIcon;
				ASSETCATALOG_COMPILER_GLOBAL_ACCENT_COLOR_NAME = AccentColor;
				CODE_SIGN_STYLE = Automatic;
				CURRENT_PROJECT_VERSION = 1;
				DEVELOPMENT_TEAM = N85MKK397C;
				GENERATE_INFOPLIST_FILE = YES;
				INFOPLIST_FILE = TestOMG/Info.plist;
				INFOPLIST_KEY_UIApplicationSupportsIndirectInputEvents = YES;
				INFOPLIST_KEY_UILaunchStoryboardName = LaunchScreen;
				INFOPLIST_KEY_UISupportedInterfaceOrientations_iPad = "UIInterfaceOrientationPortrait UIInterfaceOrientationPortraitUpsideDown UIInterfaceOrientationLandscapeLeft UIInterfaceOrientationLandscapeRight";
				INFOPLIST_KEY_UISupportedInterfaceOrientations_iPhone = "UIInterfaceOrientationPortrait UIInterfaceOrientationLandscapeLeft UIInterfaceOrientationLandscapeRight";
				IPHONEOS_DEPLOYMENT_TARGET = 14.0;
				LD_RUNPATH_SEARCH_PATHS = (
					"$(inherited)",
					"@executable_path/Frameworks",
				);
				MARKETING_VERSION = 1.0;
				PRODUCT_BUNDLE_IDENTIFIER = maksim.gurkov.TestOMG;
				PRODUCT_NAME = "$(TARGET_NAME)";
				SUPPORTED_PLATFORMS = "iphoneos iphonesimulator";
				SUPPORTS_MACCATALYST = NO;
				SUPPORTS_MAC_DESIGNED_FOR_IPHONE_IPAD = NO;
				SUPPORTS_XR_DESIGNED_FOR_IPHONE_IPAD = NO;
				SWIFT_EMIT_LOC_STRINGS = YES;
				SWIFT_VERSION = 5.0;
				TARGETED_DEVICE_FAMILY = 1;
			};
			name = Debug;
		};
		767286332BA1A0DD00320619 /* Release */ = {
			isa = XCBuildConfiguration;
			buildSettings = {
				ASSETCATALOG_COMPILER_APPICON_NAME = AppIcon;
				ASSETCATALOG_COMPILER_GLOBAL_ACCENT_COLOR_NAME = AccentColor;
				CODE_SIGN_STYLE = Automatic;
				CURRENT_PROJECT_VERSION = 1;
				DEVELOPMENT_TEAM = N85MKK397C;
				GENERATE_INFOPLIST_FILE = YES;
				INFOPLIST_FILE = TestOMG/Info.plist;
				INFOPLIST_KEY_UIApplicationSupportsIndirectInputEvents = YES;
				INFOPLIST_KEY_UILaunchStoryboardName = LaunchScreen;
				INFOPLIST_KEY_UISupportedInterfaceOrientations_iPad = "UIInterfaceOrientationPortrait UIInterfaceOrientationPortraitUpsideDown UIInterfaceOrientationLandscapeLeft UIInterfaceOrientationLandscapeRight";
				INFOPLIST_KEY_UISupportedInterfaceOrientations_iPhone = "UIInterfaceOrientationPortrait UIInterfaceOrientationLandscapeLeft UIInterfaceOrientationLandscapeRight";
				IPHONEOS_DEPLOYMENT_TARGET = 14.0;
				LD_RUNPATH_SEARCH_PATHS = (
					"$(inherited)",
					"@executable_path/Frameworks",
				);
				MARKETING_VERSION = 1.0;
				PRODUCT_BUNDLE_IDENTIFIER = maksim.gurkov.TestOMG;
				PRODUCT_NAME = "$(TARGET_NAME)";
				SUPPORTED_PLATFORMS = "iphoneos iphonesimulator";
				SUPPORTS_MACCATALYST = NO;
				SUPPORTS_MAC_DESIGNED_FOR_IPHONE_IPAD = NO;
				SUPPORTS_XR_DESIGNED_FOR_IPHONE_IPAD = NO;
				SWIFT_EMIT_LOC_STRINGS = YES;
				SWIFT_VERSION = 5.0;
				TARGETED_DEVICE_FAMILY = 1;
			};
			name = Release;
		};
/* End XCBuildConfiguration section */

/* Begin XCConfigurationList section */
		767286182BA1A0DC00320619 /* Build configuration list for PBXProject "TestOMG" */ = {
			isa = XCConfigurationList;
			buildConfigurations = (
				7672862F2BA1A0DD00320619 /* Debug */,
				767286302BA1A0DD00320619 /* Release */,
			);
			defaultConfigurationIsVisible = 0;
			defaultConfigurationName = Release;
		};
		767286312BA1A0DD00320619 /* Build configuration list for PBXNativeTarget "TestOMG" */ = {
			isa = XCConfigurationList;
			buildConfigurations = (
				767286322BA1A0DD00320619 /* Debug */,
				767286332BA1A0DD00320619 /* Release */,
			);
			defaultConfigurationIsVisible = 0;
			defaultConfigurationName = Release;
		};
/* End XCConfigurationList section */
	};
	rootObject = 767286152BA1A0DC00320619 /* Project object */;
}
